// !$*UTF8*$!
{
	archiveVersion = 1;
	classes = {
	};
	objectVersion = 50;
	objects = {

/* Begin PBXBuildFile section */
		A5DC13DF25D27CEC004EEA79 /* RobotInventorHUBApp.swift in Sources */ = {isa = PBXBuildFile; fileRef = A5DC13CC25D27CEB004EEA79 /* RobotInventorHUBApp.swift */; };
		A5DC13E025D27CEC004EEA79 /* RobotInventorHUBApp.swift in Sources */ = {isa = PBXBuildFile; fileRef = A5DC13CC25D27CEB004EEA79 /* RobotInventorHUBApp.swift */; };
		A5DC13E125D27CEC004EEA79 /* ContentView.swift in Sources */ = {isa = PBXBuildFile; fileRef = A5DC13CD25D27CEB004EEA79 /* ContentView.swift */; };
		A5DC13E225D27CEC004EEA79 /* ContentView.swift in Sources */ = {isa = PBXBuildFile; fileRef = A5DC13CD25D27CEB004EEA79 /* ContentView.swift */; };
		A5DC13E325D27CEC004EEA79 /* Assets.xcassets in Resources */ = {isa = PBXBuildFile; fileRef = A5DC13CE25D27CEC004EEA79 /* Assets.xcassets */; };
		A5DC13E425D27CEC004EEA79 /* Assets.xcassets in Resources */ = {isa = PBXBuildFile; fileRef = A5DC13CE25D27CEC004EEA79 /* Assets.xcassets */; };
		A5DC13F225D27DE2004EEA79 /* RIHub.swift in Sources */ = {isa = PBXBuildFile; fileRef = A5DC13F025D27DE2004EEA79 /* RIHub.swift */; };
		A5DC13F325D27DE2004EEA79 /* RIHub.swift in Sources */ = {isa = PBXBuildFile; fileRef = A5DC13F025D27DE2004EEA79 /* RIHub.swift */; };
		A5DC13F425D27DE2004EEA79 /* RIHubManager.swift in Sources */ = {isa = PBXBuildFile; fileRef = A5DC13F125D27DE2004EEA79 /* RIHubManager.swift */; };
		A5DC13F525D27DE2004EEA79 /* RIHubManager.swift in Sources */ = {isa = PBXBuildFile; fileRef = A5DC13F125D27DE2004EEA79 /* RIHubManager.swift */; };
/* End PBXBuildFile section */

/* Begin PBXFileReference section */
		A5DC13CC25D27CEB004EEA79 /* RobotInventorHUBApp.swift */ = {isa = PBXFileReference; lastKnownFileType = sourcecode.swift; path = RobotInventorHUBApp.swift; sourceTree = "<group>"; };
		A5DC13CD25D27CEB004EEA79 /* ContentView.swift */ = {isa = PBXFileReference; lastKnownFileType = sourcecode.swift; path = ContentView.swift; sourceTree = "<group>"; };
		A5DC13CE25D27CEC004EEA79 /* Assets.xcassets */ = {isa = PBXFileReference; lastKnownFileType = folder.assetcatalog; path = Assets.xcassets; sourceTree = "<group>"; };
		A5DC13D325D27CEC004EEA79 /* RobotInventorHUB.app */ = {isa = PBXFileReference; explicitFileType = wrapper.application; includeInIndex = 0; path = RobotInventorHUB.app; sourceTree = BUILT_PRODUCTS_DIR; };
		A5DC13D625D27CEC004EEA79 /* Info.plist */ = {isa = PBXFileReference; lastKnownFileType = text.plist.xml; path = Info.plist; sourceTree = "<group>"; };
		A5DC13DB25D27CEC004EEA79 /* RobotInventorHUB.app */ = {isa = PBXFileReference; explicitFileType = wrapper.application; includeInIndex = 0; path = RobotInventorHUB.app; sourceTree = BUILT_PRODUCTS_DIR; };
		A5DC13DD25D27CEC004EEA79 /* Info.plist */ = {isa = PBXFileReference; lastKnownFileType = text.plist.xml; path = Info.plist; sourceTree = "<group>"; };
		A5DC13DE25D27CEC004EEA79 /* macOS.entitlements */ = {isa = PBXFileReference; lastKnownFileType = text.plist.entitlements; path = macOS.entitlements; sourceTree = "<group>"; };
		A5DC13F025D27DE2004EEA79 /* RIHub.swift */ = {isa = PBXFileReference; fileEncoding = 4; lastKnownFileType = sourcecode.swift; path = RIHub.swift; sourceTree = "<group>"; };
		A5DC13F125D27DE2004EEA79 /* RIHubManager.swift */ = {isa = PBXFileReference; fileEncoding = 4; lastKnownFileType = sourcecode.swift; path = RIHubManager.swift; sourceTree = "<group>"; };
/* End PBXFileReference section */

/* Begin PBXFrameworksBuildPhase section */
		A5DC13D025D27CEC004EEA79 /* Frameworks */ = {
			isa = PBXFrameworksBuildPhase;
			buildActionMask = 2147483647;
			files = (
			);
			runOnlyForDeploymentPostprocessing = 0;
		};
		A5DC13D825D27CEC004EEA79 /* Frameworks */ = {
			isa = PBXFrameworksBuildPhase;
			buildActionMask = 2147483647;
			files = (
			);
			runOnlyForDeploymentPostprocessing = 0;
		};
/* End PBXFrameworksBuildPhase section */

/* Begin PBXGroup section */
		A5DC13C625D27CEB004EEA79 = {
			isa = PBXGroup;
			children = (
				A5DC13CB25D27CEB004EEA79 /* Shared */,
				A5DC13D525D27CEC004EEA79 /* iOS */,
				A5DC13DC25D27CEC004EEA79 /* macOS */,
				A5DC13D425D27CEC004EEA79 /* Products */,
			);
			sourceTree = "<group>";
		};
		A5DC13CB25D27CEB004EEA79 /* Shared */ = {
			isa = PBXGroup;
			children = (
				A5DC13CC25D27CEB004EEA79 /* RobotInventorHUBApp.swift */,
				A5DC13CD25D27CEB004EEA79 /* ContentView.swift */,
				A5DC13EF25D27DE2004EEA79 /* Hub */,
				A5DC13CE25D27CEC004EEA79 /* Assets.xcassets */,
			);
			path = Shared;
			sourceTree = "<group>";
		};
		A5DC13D425D27CEC004EEA79 /* Products */ = {
			isa = PBXGroup;
			children = (
				A5DC13D325D27CEC004EEA79 /* RobotInventorHUB.app */,
				A5DC13DB25D27CEC004EEA79 /* RobotInventorHUB.app */,
			);
			name = Products;
			sourceTree = "<group>";
		};
		A5DC13D525D27CEC004EEA79 /* iOS */ = {
			isa = PBXGroup;
			children = (
				A5DC13D625D27CEC004EEA79 /* Info.plist */,
			);
			path = iOS;
			sourceTree = "<group>";
		};
		A5DC13DC25D27CEC004EEA79 /* macOS */ = {
			isa = PBXGroup;
			children = (
				A5DC13DD25D27CEC004EEA79 /* Info.plist */,
				A5DC13DE25D27CEC004EEA79 /* macOS.entitlements */,
			);
			path = macOS;
			sourceTree = "<group>";
		};
		A5DC13EF25D27DE2004EEA79 /* Hub */ = {
			isa = PBXGroup;
			children = (
				A5DC13F025D27DE2004EEA79 /* RIHub.swift */,
				A5DC13F125D27DE2004EEA79 /* RIHubManager.swift */,
			);
			path = Hub;
			sourceTree = "<group>";
		};
/* End PBXGroup section */

/* Begin PBXNativeTarget section */
		A5DC13D225D27CEC004EEA79 /* RobotInventorHUB (iOS) */ = {
			isa = PBXNativeTarget;
			buildConfigurationList = A5DC13E725D27CEC004EEA79 /* Build configuration list for PBXNativeTarget "RobotInventorHUB (iOS)" */;
			buildPhases = (
				A5DC13CF25D27CEC004EEA79 /* Sources */,
				A5DC13D025D27CEC004EEA79 /* Frameworks */,
				A5DC13D125D27CEC004EEA79 /* Resources */,
			);
			buildRules = (
			);
			dependencies = (
			);
			name = "RobotInventorHUB (iOS)";
			productName = "RobotInventorHUB (iOS)";
			productReference = A5DC13D325D27CEC004EEA79 /* RobotInventorHUB.app */;
			productType = "com.apple.product-type.application";
		};
		A5DC13DA25D27CEC004EEA79 /* RobotInventorHUB (macOS) */ = {
			isa = PBXNativeTarget;
			buildConfigurationList = A5DC13EA25D27CEC004EEA79 /* Build configuration list for PBXNativeTarget "RobotInventorHUB (macOS)" */;
			buildPhases = (
				A5DC13D725D27CEC004EEA79 /* Sources */,
				A5DC13D825D27CEC004EEA79 /* Frameworks */,
				A5DC13D925D27CEC004EEA79 /* Resources */,
			);
			buildRules = (
			);
			dependencies = (
			);
			name = "RobotInventorHUB (macOS)";
			productName = "RobotInventorHUB (macOS)";
			productReference = A5DC13DB25D27CEC004EEA79 /* RobotInventorHUB.app */;
			productType = "com.apple.product-type.application";
		};
/* End PBXNativeTarget section */

/* Begin PBXProject section */
		A5DC13C725D27CEB004EEA79 /* Project object */ = {
			isa = PBXProject;
			attributes = {
				LastSwiftUpdateCheck = 1240;
				LastUpgradeCheck = 1330;
				TargetAttributes = {
					A5DC13D225D27CEC004EEA79 = {
						CreatedOnToolsVersion = 12.4;
					};
					A5DC13DA25D27CEC004EEA79 = {
						CreatedOnToolsVersion = 12.4;
					};
				};
			};
			buildConfigurationList = A5DC13CA25D27CEB004EEA79 /* Build configuration list for PBXProject "RobotInventorHUB" */;
			compatibilityVersion = "Xcode 9.3";
			developmentRegion = en;
			hasScannedForEncodings = 0;
			knownRegions = (
				en,
				Base,
			);
			mainGroup = A5DC13C625D27CEB004EEA79;
			productRefGroup = A5DC13D425D27CEC004EEA79 /* Products */;
			projectDirPath = "";
			projectRoot = "";
			targets = (
				A5DC13D225D27CEC004EEA79 /* RobotInventorHUB (iOS) */,
				A5DC13DA25D27CEC004EEA79 /* RobotInventorHUB (macOS) */,
			);
		};
/* End PBXProject section */

/* Begin PBXResourcesBuildPhase section */
		A5DC13D125D27CEC004EEA79 /* Resources */ = {
			isa = PBXResourcesBuildPhase;
			buildActionMask = 2147483647;
			files = (
				A5DC13E325D27CEC004EEA79 /* Assets.xcassets in Resources */,
			);
			runOnlyForDeploymentPostprocessing = 0;
		};
		A5DC13D925D27CEC004EEA79 /* Resources */ = {
			isa = PBXResourcesBuildPhase;
			buildActionMask = 2147483647;
			files = (
				A5DC13E425D27CEC004EEA79 /* Assets.xcassets in Resources */,
			);
			runOnlyForDeploymentPostprocessing = 0;
		};
/* End PBXResourcesBuildPhase section */

/* Begin PBXSourcesBuildPhase section */
		A5DC13CF25D27CEC004EEA79 /* Sources */ = {
			isa = PBXSourcesBuildPhase;
			buildActionMask = 2147483647;
			files = (
				A5DC13F225D27DE2004EEA79 /* RIHub.swift in Sources */,
				A5DC13E125D27CEC004EEA79 /* ContentView.swift in Sources */,
				A5DC13F425D27DE2004EEA79 /* RIHubManager.swift in Sources */,
				A5DC13DF25D27CEC004EEA79 /* RobotInventorHUBApp.swift in Sources */,
			);
			runOnlyForDeploymentPostprocessing = 0;
		};
		A5DC13D725D27CEC004EEA79 /* Sources */ = {
			isa = PBXSourcesBuildPhase;
			buildActionMask = 2147483647;
			files = (
				A5DC13F325D27DE2004EEA79 /* RIHub.swift in Sources */,
				A5DC13E225D27CEC004EEA79 /* ContentView.swift in Sources */,
				A5DC13F525D27DE2004EEA79 /* RIHubManager.swift in Sources */,
				A5DC13E025D27CEC004EEA79 /* RobotInventorHUBApp.swift in Sources */,
			);
			runOnlyForDeploymentPostprocessing = 0;
		};
/* End PBXSourcesBuildPhase section */

/* Begin XCBuildConfiguration section */
		A5DC13E525D27CEC004EEA79 /* Debug */ = {
			isa = XCBuildConfiguration;
			buildSettings = {
				ALWAYS_SEARCH_USER_PATHS = NO;
				CLANG_ANALYZER_NONNULL = YES;
				CLANG_ANALYZER_NUMBER_OBJECT_CONVERSION = YES_AGGRESSIVE;
				CLANG_CXX_LANGUAGE_STANDARD = "gnu++14";
				CLANG_CXX_LIBRARY = "libc++";
				CLANG_ENABLE_MODULES = YES;
				CLANG_ENABLE_OBJC_ARC = YES;
				CLANG_ENABLE_OBJC_WEAK = YES;
				CLANG_WARN_BLOCK_CAPTURE_AUTORELEASING = YES;
				CLANG_WARN_BOOL_CONVERSION = YES;
				CLANG_WARN_COMMA = YES;
				CLANG_WARN_CONSTANT_CONVERSION = YES;
				CLANG_WARN_DEPRECATED_OBJC_IMPLEMENTATIONS = YES;
				CLANG_WARN_DIRECT_OBJC_ISA_USAGE = YES_ERROR;
				CLANG_WARN_DOCUMENTATION_COMMENTS = YES;
				CLANG_WARN_EMPTY_BODY = YES;
				CLANG_WARN_ENUM_CONVERSION = YES;
				CLANG_WARN_INFINITE_RECURSION = YES;
				CLANG_WARN_INT_CONVERSION = YES;
				CLANG_WARN_NON_LITERAL_NULL_CONVERSION = YES;
				CLANG_WARN_OBJC_IMPLICIT_RETAIN_SELF = YES;
				CLANG_WARN_OBJC_LITERAL_CONVERSION = YES;
				CLANG_WARN_OBJC_ROOT_CLASS = YES_ERROR;
				CLANG_WARN_QUOTED_INCLUDE_IN_FRAMEWORK_HEADER = YES;
				CLANG_WARN_RANGE_LOOP_ANALYSIS = YES;
				CLANG_WARN_STRICT_PROTOTYPES = YES;
				CLANG_WARN_SUSPICIOUS_MOVE = YES;
				CLANG_WARN_UNGUARDED_AVAILABILITY = YES_AGGRESSIVE;
				CLANG_WARN_UNREACHABLE_CODE = YES;
				CLANG_WARN__DUPLICATE_METHOD_MATCH = YES;
				COPY_PHASE_STRIP = NO;
				DEBUG_INFORMATION_FORMAT = dwarf;
				ENABLE_STRICT_OBJC_MSGSEND = YES;
				ENABLE_TESTABILITY = YES;
				GCC_C_LANGUAGE_STANDARD = gnu11;
				GCC_DYNAMIC_NO_PIC = NO;
				GCC_NO_COMMON_BLOCKS = YES;
				GCC_OPTIMIZATION_LEVEL = 0;
				GCC_PREPROCESSOR_DEFINITIONS = (
					"DEBUG=1",
					"$(inherited)",
				);
				GCC_WARN_64_TO_32_BIT_CONVERSION = YES;
				GCC_WARN_ABOUT_RETURN_TYPE = YES_ERROR;
				GCC_WARN_UNDECLARED_SELECTOR = YES;
				GCC_WARN_UNINITIALIZED_AUTOS = YES_AGGRESSIVE;
				GCC_WARN_UNUSED_FUNCTION = YES;
				GCC_WARN_UNUSED_VARIABLE = YES;
				MTL_ENABLE_DEBUG_INFO = INCLUDE_SOURCE;
				MTL_FAST_MATH = YES;
				ONLY_ACTIVE_ARCH = YES;
				SWIFT_ACTIVE_COMPILATION_CONDITIONS = DEBUG;
				SWIFT_OPTIMIZATION_LEVEL = "-Onone";
			};
			name = Debug;
		};
		A5DC13E625D27CEC004EEA79 /* Release */ = {
			isa = XCBuildConfiguration;
			buildSettings = {
				ALWAYS_SEARCH_USER_PATHS = NO;
				CLANG_ANALYZER_NONNULL = YES;
				CLANG_ANALYZER_NUMBER_OBJECT_CONVERSION = YES_AGGRESSIVE;
				CLANG_CXX_LANGUAGE_STANDARD = "gnu++14";
				CLANG_CXX_LIBRARY = "libc++";
				CLANG_ENABLE_MODULES = YES;
				CLANG_ENABLE_OBJC_ARC = YES;
				CLANG_ENABLE_OBJC_WEAK = YES;
				CLANG_WARN_BLOCK_CAPTURE_AUTORELEASING = YES;
				CLANG_WARN_BOOL_CONVERSION = YES;
				CLANG_WARN_COMMA = YES;
				CLANG_WARN_CONSTANT_CONVERSION = YES;
				CLANG_WARN_DEPRECATED_OBJC_IMPLEMENTATIONS = YES;
				CLANG_WARN_DIRECT_OBJC_ISA_USAGE = YES_ERROR;
				CLANG_WARN_DOCUMENTATION_COMMENTS = YES;
				CLANG_WARN_EMPTY_BODY = YES;
				CLANG_WARN_ENUM_CONVERSION = YES;
				CLANG_WARN_INFINITE_RECURSION = YES;
				CLANG_WARN_INT_CONVERSION = YES;
				CLANG_WARN_NON_LITERAL_NULL_CONVERSION = YES;
				CLANG_WARN_OBJC_IMPLICIT_RETAIN_SELF = YES;
				CLANG_WARN_OBJC_LITERAL_CONVERSION = YES;
				CLANG_WARN_OBJC_ROOT_CLASS = YES_ERROR;
				CLANG_WARN_QUOTED_INCLUDE_IN_FRAMEWORK_HEADER = YES;
				CLANG_WARN_RANGE_LOOP_ANALYSIS = YES;
				CLANG_WARN_STRICT_PROTOTYPES = YES;
				CLANG_WARN_SUSPICIOUS_MOVE = YES;
				CLANG_WARN_UNGUARDED_AVAILABILITY = YES_AGGRESSIVE;
				CLANG_WARN_UNREACHABLE_CODE = YES;
				CLANG_WARN__DUPLICATE_METHOD_MATCH = YES;
				COPY_PHASE_STRIP = NO;
				DEBUG_INFORMATION_FORMAT = "dwarf-with-dsym";
				ENABLE_NS_ASSERTIONS = NO;
				ENABLE_STRICT_OBJC_MSGSEND = YES;
				GCC_C_LANGUAGE_STANDARD = gnu11;
				GCC_NO_COMMON_BLOCKS = YES;
				GCC_WARN_64_TO_32_BIT_CONVERSION = YES;
				GCC_WARN_ABOUT_RETURN_TYPE = YES_ERROR;
				GCC_WARN_UNDECLARED_SELECTOR = YES;
				GCC_WARN_UNINITIALIZED_AUTOS = YES_AGGRESSIVE;
				GCC_WARN_UNUSED_FUNCTION = YES;
				GCC_WARN_UNUSED_VARIABLE = YES;
				MTL_ENABLE_DEBUG_INFO = NO;
				MTL_FAST_MATH = YES;
				SWIFT_COMPILATION_MODE = wholemodule;
				SWIFT_OPTIMIZATION_LEVEL = "-O";
			};
			name = Release;
		};
		A5DC13E825D27CEC004EEA79 /* Debug */ = {
			isa = XCBuildConfiguration;
			buildSettings = {
				ASSETCATALOG_COMPILER_APPICON_NAME = AppIcon;
				ASSETCATALOG_COMPILER_GLOBAL_ACCENT_COLOR_NAME = AccentColor;
				CODE_SIGN_STYLE = Automatic;
				DEVELOPMENT_TEAM = Z7S6X96M3X;
				ENABLE_PREVIEWS = YES;
				INFOPLIST_FILE = iOS/Info.plist;
				IPHONEOS_DEPLOYMENT_TARGET = 14.0;
				LD_RUNPATH_SEARCH_PATHS = (
					"$(inherited)",
					"@executable_path/Frameworks",
				);
				PRODUCT_BUNDLE_IDENTIFIER = com.latenightsw.RobotInventorHUB;
				PRODUCT_NAME = RobotInventorHUB;
				SDKROOT = iphoneos;
				SWIFT_VERSION = 5.0;
				TARGETED_DEVICE_FAMILY = "1,2";
			};
			name = Debug;
		};
		A5DC13E925D27CEC004EEA79 /* Release */ = {
			isa = XCBuildConfiguration;
			buildSettings = {
				ASSETCATALOG_COMPILER_APPICON_NAME = AppIcon;
				ASSETCATALOG_COMPILER_GLOBAL_ACCENT_COLOR_NAME = AccentColor;
				CODE_SIGN_STYLE = Automatic;
				DEVELOPMENT_TEAM = Z7S6X96M3X;
				ENABLE_PREVIEWS = YES;
				INFOPLIST_FILE = iOS/Info.plist;
				IPHONEOS_DEPLOYMENT_TARGET = 14.0;
				LD_RUNPATH_SEARCH_PATHS = (
					"$(inherited)",
					"@executable_path/Frameworks",
				);
				PRODUCT_BUNDLE_IDENTIFIER = com.latenightsw.RobotInventorHUB;
				PRODUCT_NAME = RobotInventorHUB;
				SDKROOT = iphoneos;
				SWIFT_VERSION = 5.0;
				TARGETED_DEVICE_FAMILY = "1,2";
				VALIDATE_PRODUCT = YES;
			};
			name = Release;
		};
		A5DC13EB25D27CEC004EEA79 /* Debug */ = {
			isa = XCBuildConfiguration;
			buildSettings = {
				ASSETCATALOG_COMPILER_APPICON_NAME = AppIcon;
				ASSETCATALOG_COMPILER_GLOBAL_ACCENT_COLOR_NAME = AccentColor;
				CODE_SIGN_ENTITLEMENTS = macOS/macOS.entitlements;
				CODE_SIGN_IDENTITY = "-";
				CODE_SIGN_STYLE = Automatic;
				COMBINE_HIDPI_IMAGES = YES;
				DEVELOPMENT_TEAM = Z7S6X96M3X;
				ENABLE_HARDENED_RUNTIME = YES;
				ENABLE_PREVIEWS = YES;
				INFOPLIST_FILE = macOS/Info.plist;
				LD_RUNPATH_SEARCH_PATHS = (
					"$(inherited)",
					"@executable_path/../Frameworks",
				);
				MACOSX_DEPLOYMENT_TARGET = 11.0;
				PRODUCT_BUNDLE_IDENTIFIER = com.latenightsw.RobotInventorHUB;
				PRODUCT_NAME = RobotInventorHUB;
				SDKROOT = macosx;
				SWIFT_VERSION = 5.0;
			};
			name = Debug;
		};
		A5DC13EC25D27CEC004EEA79 /* Release */ = {
			isa = XCBuildConfiguration;
			buildSettings = {
				ASSETCATALOG_COMPILER_APPICON_NAME = AppIcon;
				ASSETCATALOG_COMPILER_GLOBAL_ACCENT_COLOR_NAME = AccentColor;
				CODE_SIGN_ENTITLEMENTS = macOS/macOS.entitlements;
				CODE_SIGN_IDENTITY = "-";
				CODE_SIGN_STYLE = Automatic;
				COMBINE_HIDPI_IMAGES = YES;
				DEVELOPMENT_TEAM = Z7S6X96M3X;
				ENABLE_HARDENED_RUNTIME = YES;
				ENABLE_PREVIEWS = YES;
				INFOPLIST_FILE = macOS/Info.plist;
				LD_RUNPATH_SEARCH_PATHS = (
					"$(inherited)",
					"@executable_path/../Frameworks",
				);
				MACOSX_DEPLOYMENT_TARGET = 11.0;
				PRODUCT_BUNDLE_IDENTIFIER = com.latenightsw.RobotInventorHUB;
				PRODUCT_NAME = RobotInventorHUB;
				SDKROOT = macosx;
				SWIFT_VERSION = 5.0;
			};
			name = Release;
		};
/* End XCBuildConfiguration section */

/* Begin XCConfigurationList section */
		A5DC13CA25D27CEB004EEA79 /* Build configuration list for PBXProject "RobotInventorHUB" */ = {
			isa = XCConfigurationList;
			buildConfigurations = (
				A5DC13E525D27CEC004EEA79 /* Debug */,
				A5DC13E625D27CEC004EEA79 /* Release */,
			);
			defaultConfigurationIsVisible = 0;
			defaultConfigurationName = Release;
		};
		A5DC13E725D27CEC004EEA79 /* Build configuration list for PBXNativeTarget "RobotInventorHUB (iOS)" */ = {
			isa = XCConfigurationList;
			buildConfigurations = (
				A5DC13E825D27CEC004EEA79 /* Debug */,
				A5DC13E925D27CEC004EEA79 /* Release */,
			);
			defaultConfigurationIsVisible = 0;
			defaultConfigurationName = Release;
		};
		A5DC13EA25D27CEC004EEA79 /* Build configuration list for PBXNativeTarget "RobotInventorHUB (macOS)" */ = {
			isa = XCConfigurationList;
			buildConfigurations = (
				A5DC13EB25D27CEC004EEA79 /* Debug */,
				A5DC13EC25D27CEC004EEA79 /* Release */,
			);
			defaultConfigurationIsVisible = 0;
			defaultConfigurationName = Release;
		};
/* End XCConfigurationList section */
	};
	rootObject = A5DC13C725D27CEB004EEA79 /* Project object */;
}
